
Microsoft Visual Studio Solution File, Format Version 12.00
# Visual Studio Version 17
VisualStudioVersion = 17.0.31611.283
MinimumVisualStudioVersion = 10.0.40219.1
Project("{9A19103F-16F7-4668-BE54-9A1E7A4F7556}") = "CartesianChart", "CartesianChart\CartesianChart.csproj", "{6CFBD83E-D21E-4801-9E7A-2102DFECC8D5}"
EndProject
Project("{9A19103F-16F7-4668-BE54-9A1E7A4F7556}") = "Syncfusion.Maui.Charts", "D:\SourceChart\maui-charts\maui\src\charts\Syncfusion.Maui.Charts.csproj", "{D0553FDA-18D0-4770-A211-25F901A09324}"
EndProject
Global
	GlobalSection(SolutionConfigurationPlatforms) = preSolution
		Debug|Any CPU = Debug|Any CPU
		Release|Any CPU = Release|Any CPU
		Release-Xml|Any CPU = Release-Xml|Any CPU
	EndGlobalSection
	GlobalSection(ProjectConfigurationPlatforms) = postSolution
		{6CFBD83E-D21E-4801-9E7A-2102DFECC8D5}.Debug|Any CPU.ActiveCfg = Debug|Any CPU
		{6CFBD83E-D21E-4801-9E7A-2102DFECC8D5}.Debug|Any CPU.Build.0 = Debug|Any CPU
		{6CFBD83E-D21E-4801-9E7A-2102DFECC8D5}.Debug|Any CPU.Deploy.0 = Debug|Any CPU
		{6CFBD83E-D21E-4801-9E7A-2102DFECC8D5}.Release|Any CPU.ActiveCfg = Release|Any CPU
		{6CFBD83E-D21E-4801-9E7A-2102DFECC8D5}.Release|Any CPU.Build.0 = Release|Any CPU
		{6CFBD83E-D21E-4801-9E7A-2102DFECC8D5}.Release|Any CPU.Deploy.0 = Release|Any CPU
		{6CFBD83E-D21E-4801-9E7A-2102DFECC8D5}.Release-Xml|Any CPU.ActiveCfg = Release|Any CPU
		{6CFBD83E-D21E-4801-9E7A-2102DFECC8D5}.Release-Xml|Any CPU.Build.0 = Release|Any CPU
		{6CFBD83E-D21E-4801-9E7A-2102DFECC8D5}.Release-Xml|Any CPU.Deploy.0 = Release|Any CPU
		{D0553FDA-18D0-4770-A211-25F901A09324}.Debug|Any CPU.ActiveCfg = Debug|Any CPU
		{D0553FDA-18D0-4770-A211-25F901A09324}.Debug|Any CPU.Build.0 = Debug|Any CPU
		{D0553FDA-18D0-4770-A211-25F901A09324}.Release|Any CPU.ActiveCfg = Release|Any CPU
		{D0553FDA-18D0-4770-A211-25F901A09324}.Release|Any CPU.Build.0 = Release|Any CPU
		{D0553FDA-18D0-4770-A211-25F901A09324}.Release-Xml|Any CPU.ActiveCfg = Release-Xml|Any CPU
		{D0553FDA-18D0-4770-A211-25F901A09324}.Release-Xml|Any CPU.Build.0 = Release-Xml|Any CPU
	EndGlobalSection
	GlobalSection(SolutionProperties) = preSolution
		HideSolutionNode = FALSE
	EndGlobalSection
	GlobalSection(ExtensibilityGlobals) = postSolution
		SolutionGuid = {61F7FB11-1E47-470C-91E2-47F8143E1572}
	EndGlobalSection
EndGlobal
